// !$*UTF8*$!
{
	archiveVersion = 1;
	classes = {
	};
	objectVersion = 56;
	objects = {

/* Begin PBXBuildFile section */
		601BD4EF29337DF2009121D3 /* PokemonModel.swift in Sources */ = {isa = PBXBuildFile; fileRef = 601BD4EE29337DF2009121D3 /* PokemonModel.swift */; };
		601BD4F129337FDF009121D3 /* PokemonViewModel.swift in Sources */ = {isa = PBXBuildFile; fileRef = 601BD4F029337FDF009121D3 /* PokemonViewModel.swift */; };
		601BD4F429338727009121D3 /* Kingfisher in Frameworks */ = {isa = PBXBuildFile; productRef = 601BD4F329338727009121D3 /* Kingfisher */; };
		601BD4F62933AE1C009121D3 /* DetailView.swift in Sources */ = {isa = PBXBuildFile; fileRef = 601BD4F52933AE1C009121D3 /* DetailView.swift */; };
		608E80822933C2E7009EBA10 /* LottieView.swift in Sources */ = {isa = PBXBuildFile; fileRef = 608E80812933C2E7009EBA10 /* LottieView.swift */; };
		608E80872933C381009EBA10 /* Lottie in Frameworks */ = {isa = PBXBuildFile; productRef = 608E80862933C381009EBA10 /* Lottie */; };
		608E80892933C422009EBA10 /* pokemon.json in Resources */ = {isa = PBXBuildFile; fileRef = 608E80882933C422009EBA10 /* pokemon.json */; };
		60966909293F4BD8002C71AC /* TabBar.swift in Sources */ = {isa = PBXBuildFile; fileRef = 60966908293F4BD8002C71AC /* TabBar.swift */; };
		6096690B293F4C33002C71AC /* FavoritesView.swift in Sources */ = {isa = PBXBuildFile; fileRef = 6096690A293F4C33002C71AC /* FavoritesView.swift */; };
		6096690F293FA424002C71AC /* PokemonError.swift in Sources */ = {isa = PBXBuildFile; fileRef = 6096690E293FA424002C71AC /* PokemonError.swift */; };
		60C098FE29409989001252EC /* Colors.swift in Sources */ = {isa = PBXBuildFile; fileRef = 60C098FD29409989001252EC /* Colors.swift */; };
		60D33F1629336DF8007791C6 /* PokemonAppApp.swift in Sources */ = {isa = PBXBuildFile; fileRef = 60D33F1529336DF8007791C6 /* PokemonAppApp.swift */; };
		60D33F1829336DF8007791C6 /* ContentView.swift in Sources */ = {isa = PBXBuildFile; fileRef = 60D33F1729336DF8007791C6 /* ContentView.swift */; };
		60D33F1A29336DF9007791C6 /* Assets.xcassets in Resources */ = {isa = PBXBuildFile; fileRef = 60D33F1929336DF9007791C6 /* Assets.xcassets */; };
		60D33F1D29336DF9007791C6 /* Preview Assets.xcassets in Resources */ = {isa = PBXBuildFile; fileRef = 60D33F1C29336DF9007791C6 /* Preview Assets.xcassets */; };
		60F7BA3129336EEC00E9C03D /* PokemonCell.swift in Sources */ = {isa = PBXBuildFile; fileRef = 60F7BA3029336EEC00E9C03D /* PokemonCell.swift */; };
		60F7BA33293377EF00E9C03D /* PokedexView.swift in Sources */ = {isa = PBXBuildFile; fileRef = 60F7BA32293377EF00E9C03D /* PokedexView.swift */; };
/* End PBXBuildFile section */

/* Begin PBXFileReference section */
		601BD4EE29337DF2009121D3 /* PokemonModel.swift */ = {isa = PBXFileReference; lastKnownFileType = sourcecode.swift; path = PokemonModel.swift; sourceTree = "<group>"; };
		601BD4F029337FDF009121D3 /* PokemonViewModel.swift */ = {isa = PBXFileReference; lastKnownFileType = sourcecode.swift; path = PokemonViewModel.swift; sourceTree = "<group>"; };
		601BD4F52933AE1C009121D3 /* DetailView.swift */ = {isa = PBXFileReference; lastKnownFileType = sourcecode.swift; path = DetailView.swift; sourceTree = "<group>"; };
		608E80812933C2E7009EBA10 /* LottieView.swift */ = {isa = PBXFileReference; lastKnownFileType = sourcecode.swift; path = LottieView.swift; sourceTree = "<group>"; };
		608E80882933C422009EBA10 /* pokemon.json */ = {isa = PBXFileReference; fileEncoding = 4; lastKnownFileType = text.json; path = pokemon.json; sourceTree = "<group>"; };
		60966908293F4BD8002C71AC /* TabBar.swift */ = {isa = PBXFileReference; lastKnownFileType = sourcecode.swift; path = TabBar.swift; sourceTree = "<group>"; };
		6096690A293F4C33002C71AC /* FavoritesView.swift */ = {isa = PBXFileReference; lastKnownFileType = sourcecode.swift; path = FavoritesView.swift; sourceTree = "<group>"; };
		6096690E293FA424002C71AC /* PokemonError.swift */ = {isa = PBXFileReference; lastKnownFileType = sourcecode.swift; path = PokemonError.swift; sourceTree = "<group>"; };
		60C098FD29409989001252EC /* Colors.swift */ = {isa = PBXFileReference; lastKnownFileType = sourcecode.swift; path = Colors.swift; sourceTree = "<group>"; };
		60D33F1229336DF8007791C6 /* PokemonApp.app */ = {isa = PBXFileReference; explicitFileType = wrapper.application; includeInIndex = 0; path = PokemonApp.app; sourceTree = BUILT_PRODUCTS_DIR; };
		60D33F1529336DF8007791C6 /* PokemonAppApp.swift */ = {isa = PBXFileReference; lastKnownFileType = sourcecode.swift; path = PokemonAppApp.swift; sourceTree = "<group>"; };
		60D33F1729336DF8007791C6 /* ContentView.swift */ = {isa = PBXFileReference; lastKnownFileType = sourcecode.swift; path = ContentView.swift; sourceTree = "<group>"; };
		60D33F1929336DF9007791C6 /* Assets.xcassets */ = {isa = PBXFileReference; lastKnownFileType = folder.assetcatalog; path = Assets.xcassets; sourceTree = "<group>"; };
		60D33F1C29336DF9007791C6 /* Preview Assets.xcassets */ = {isa = PBXFileReference; lastKnownFileType = folder.assetcatalog; path = "Preview Assets.xcassets"; sourceTree = "<group>"; };
		60F7BA3029336EEC00E9C03D /* PokemonCell.swift */ = {isa = PBXFileReference; lastKnownFileType = sourcecode.swift; path = PokemonCell.swift; sourceTree = "<group>"; };
		60F7BA32293377EF00E9C03D /* PokedexView.swift */ = {isa = PBXFileReference; lastKnownFileType = sourcecode.swift; path = PokedexView.swift; sourceTree = "<group>"; };
/* End PBXFileReference section */

/* Begin PBXFrameworksBuildPhase section */
		60D33F0F29336DF8007791C6 /* Frameworks */ = {
			isa = PBXFrameworksBuildPhase;
			buildActionMask = 2147483647;
			files = (
				601BD4F429338727009121D3 /* Kingfisher in Frameworks */,
				608E80872933C381009EBA10 /* Lottie in Frameworks */,
			);
			runOnlyForDeploymentPostprocessing = 0;
		};
/* End PBXFrameworksBuildPhase section */

/* Begin PBXGroup section */
		608E80802933C2D5009EBA10 /* SplashScreen */ = {
			isa = PBXGroup;
			children = (
				608E80812933C2E7009EBA10 /* LottieView.swift */,
			);
			path = SplashScreen;
			sourceTree = "<group>";
		};
		60966907293F4BCD002C71AC /* TabBar */ = {
			isa = PBXGroup;
			children = (
				60966908293F4BD8002C71AC /* TabBar.swift */,
			);
			path = TabBar;
			sourceTree = "<group>";
		};
		60C098FC2940997B001252EC /* Constant */ = {
			isa = PBXGroup;
			children = (
				60C098FD29409989001252EC /* Colors.swift */,
			);
			path = Constant;
			sourceTree = "<group>";
		};
		60C098FF29409B52001252EC /* Scenes */ = {
			isa = PBXGroup;
			children = (
				6096690A293F4C33002C71AC /* FavoritesView.swift */,
				601BD4F52933AE1C009121D3 /* DetailView.swift */,
				60F7BA32293377EF00E9C03D /* PokedexView.swift */,
				60F7BA34293377F800E9C03D /* Components */,
				60966907293F4BCD002C71AC /* TabBar */,
			);
			path = Scenes;
			sourceTree = "<group>";
		};
		60C0990029409B5A001252EC /* Network */ = {
			isa = PBXGroup;
			children = (
				601BD4F029337FDF009121D3 /* PokemonViewModel.swift */,
				6096690E293FA424002C71AC /* PokemonError.swift */,
			);
			path = Network;
			sourceTree = "<group>";
		};
		60D33F0929336DF8007791C6 = {
			isa = PBXGroup;
			children = (
				60D33F1429336DF8007791C6 /* PokemonApp */,
				60D33F1329336DF8007791C6 /* Products */,
			);
			sourceTree = "<group>";
		};
		60D33F1329336DF8007791C6 /* Products */ = {
			isa = PBXGroup;
			children = (
				60D33F1229336DF8007791C6 /* PokemonApp.app */,
			);
			name = Products;
			sourceTree = "<group>";
		};
		60D33F1429336DF8007791C6 /* PokemonApp */ = {
			isa = PBXGroup;
			children = (
				60F7BA2E29336E9C00E9C03D /* Core */,
				60C098FF29409B52001252EC /* Scenes */,
				60F7BA2D29336E8900E9C03D /* Model */,
				60C0990029409B5A001252EC /* Network */,
				60C098FC2940997B001252EC /* Constant */,
				608E80802933C2D5009EBA10 /* SplashScreen */,
				60F7BA2F29336EA200E9C03D /* Resources */,
				60D33F1B29336DF9007791C6 /* Preview Content */,
			);
			path = PokemonApp;
			sourceTree = "<group>";
		};
		60D33F1B29336DF9007791C6 /* Preview Content */ = {
			isa = PBXGroup;
			children = (
				60D33F1C29336DF9007791C6 /* Preview Assets.xcassets */,
			);
			path = "Preview Content";
			sourceTree = "<group>";
		};
		60F7BA2D29336E8900E9C03D /* Model */ = {
			isa = PBXGroup;
			children = (
				601BD4EE29337DF2009121D3 /* PokemonModel.swift */,
			);
			path = Model;
			sourceTree = "<group>";
		};
		60F7BA2E29336E9C00E9C03D /* Core */ = {
			isa = PBXGroup;
			children = (
				60D33F1729336DF8007791C6 /* ContentView.swift */,
				60D33F1529336DF8007791C6 /* PokemonAppApp.swift */,
			);
			path = Core;
			sourceTree = "<group>";
		};
		60F7BA2F29336EA200E9C03D /* Resources */ = {
			isa = PBXGroup;
			children = (
				608E80882933C422009EBA10 /* pokemon.json */,
				60D33F1929336DF9007791C6 /* Assets.xcassets */,
			);
			path = Resources;
			sourceTree = "<group>";
		};
		60F7BA34293377F800E9C03D /* Components */ = {
			isa = PBXGroup;
			children = (
				60F7BA3029336EEC00E9C03D /* PokemonCell.swift */,
			);
			path = Components;
			sourceTree = "<group>";
		};
/* End PBXGroup section */

/* Begin PBXNativeTarget section */
		60D33F1129336DF8007791C6 /* PokemonApp */ = {
			isa = PBXNativeTarget;
			buildConfigurationList = 60D33F2029336DF9007791C6 /* Build configuration list for PBXNativeTarget "PokemonApp" */;
			buildPhases = (
				60235B23293CBEBC00D2AE6B /* Run SwiftLint */,
				60D33F0E29336DF8007791C6 /* Sources */,
				60D33F0F29336DF8007791C6 /* Frameworks */,
				60D33F1029336DF8007791C6 /* Resources */,
			);
			buildRules = (
			);
			dependencies = (
			);
			name = PokemonApp;
			packageProductDependencies = (
				601BD4F329338727009121D3 /* Kingfisher */,
				608E80862933C381009EBA10 /* Lottie */,
			);
			productName = PokemonApp;
			productReference = 60D33F1229336DF8007791C6 /* PokemonApp.app */;
			productType = "com.apple.product-type.application";
		};
/* End PBXNativeTarget section */

/* Begin PBXProject section */
		60D33F0A29336DF8007791C6 /* Project object */ = {
			isa = PBXProject;
			attributes = {
				BuildIndependentTargetsInParallel = 1;
				LastSwiftUpdateCheck = 1410;
				LastUpgradeCheck = 1410;
				TargetAttributes = {
					60D33F1129336DF8007791C6 = {
						CreatedOnToolsVersion = 14.1;
					};
				};
			};
			buildConfigurationList = 60D33F0D29336DF8007791C6 /* Build configuration list for PBXProject "PokemonApp" */;
			compatibilityVersion = "Xcode 14.0";
			developmentRegion = en;
			hasScannedForEncodings = 0;
			knownRegions = (
				en,
				Base,
			);
			mainGroup = 60D33F0929336DF8007791C6;
			packageReferences = (
				601BD4F229338727009121D3 /* XCRemoteSwiftPackageReference "Kingfisher" */,
				608E80852933C381009EBA10 /* XCRemoteSwiftPackageReference "lottie-ios" */,
			);
			productRefGroup = 60D33F1329336DF8007791C6 /* Products */;
			projectDirPath = "";
			projectRoot = "";
			targets = (
				60D33F1129336DF8007791C6 /* PokemonApp */,
			);
		};
/* End PBXProject section */

/* Begin PBXResourcesBuildPhase section */
		60D33F1029336DF8007791C6 /* Resources */ = {
			isa = PBXResourcesBuildPhase;
			buildActionMask = 2147483647;
			files = (
				608E80892933C422009EBA10 /* pokemon.json in Resources */,
				60D33F1D29336DF9007791C6 /* Preview Assets.xcassets in Resources */,
				60D33F1A29336DF9007791C6 /* Assets.xcassets in Resources */,
			);
			runOnlyForDeploymentPostprocessing = 0;
		};
/* End PBXResourcesBuildPhase section */

/* Begin PBXShellScriptBuildPhase section */
		60235B23293CBEBC00D2AE6B /* Run SwiftLint */ = {
			isa = PBXShellScriptBuildPhase;
			buildActionMask = 2147483647;
			files = (
			);
			inputFileListPaths = (
			);
			inputPaths = (
			);
			name = "Run SwiftLint";
			outputFileListPaths = (
			);
			outputPaths = (
			);
			runOnlyForDeploymentPostprocessing = 0;
			shellPath = /bin/sh;
			shellScript = "export PATH=\"$PATH:/opt/homebrew/bin\"\nif which swiftlint > /dev/null; then\n  swiftlint\nelse\n  echo \"warning: SwiftLint not installed, download from https://github.com/realm/SwiftLint\"\nfi\n";
		};
/* End PBXShellScriptBuildPhase section */

/* Begin PBXSourcesBuildPhase section */
		60D33F0E29336DF8007791C6 /* Sources */ = {
			isa = PBXSourcesBuildPhase;
			buildActionMask = 2147483647;
			files = (
				6096690B293F4C33002C71AC /* FavoritesView.swift in Sources */,
				60C098FE29409989001252EC /* Colors.swift in Sources */,
				60966909293F4BD8002C71AC /* TabBar.swift in Sources */,
				60D33F1829336DF8007791C6 /* ContentView.swift in Sources */,
				60D33F1629336DF8007791C6 /* PokemonAppApp.swift in Sources */,
				601BD4F129337FDF009121D3 /* PokemonViewModel.swift in Sources */,
				601BD4F62933AE1C009121D3 /* DetailView.swift in Sources */,
				60F7BA3129336EEC00E9C03D /* PokemonCell.swift in Sources */,
				601BD4EF29337DF2009121D3 /* PokemonModel.swift in Sources */,
				60F7BA33293377EF00E9C03D /* PokedexView.swift in Sources */,
				6096690F293FA424002C71AC /* PokemonError.swift in Sources */,
				608E80822933C2E7009EBA10 /* LottieView.swift in Sources */,
			);
			runOnlyForDeploymentPostprocessing = 0;
		};
/* End PBXSourcesBuildPhase section */

/* Begin XCBuildConfiguration section */
		60D33F1E29336DF9007791C6 /* Debug */ = {
			isa = XCBuildConfiguration;
			buildSettings = {
				ALWAYS_SEARCH_USER_PATHS = NO;
				CLANG_ANALYZER_NONNULL = YES;
				CLANG_ANALYZER_NUMBER_OBJECT_CONVERSION = YES_AGGRESSIVE;
				CLANG_CXX_LANGUAGE_STANDARD = "gnu++20";
				CLANG_ENABLE_MODULES = YES;
				CLANG_ENABLE_OBJC_ARC = YES;
				CLANG_ENABLE_OBJC_WEAK = YES;
				CLANG_WARN_BLOCK_CAPTURE_AUTORELEASING = YES;
				CLANG_WARN_BOOL_CONVERSION = YES;
				CLANG_WARN_COMMA = YES;
				CLANG_WARN_CONSTANT_CONVERSION = YES;
				CLANG_WARN_DEPRECATED_OBJC_IMPLEMENTATIONS = YES;
				CLANG_WARN_DIRECT_OBJC_ISA_USAGE = YES_ERROR;
				CLANG_WARN_DOCUMENTATION_COMMENTS = YES;
				CLANG_WARN_EMPTY_BODY = YES;
				CLANG_WARN_ENUM_CONVERSION = YES;
				CLANG_WARN_INFINITE_RECURSION = YES;
				CLANG_WARN_INT_CONVERSION = YES;
				CLANG_WARN_NON_LITERAL_NULL_CONVERSION = YES;
				CLANG_WARN_OBJC_IMPLICIT_RETAIN_SELF = YES;
				CLANG_WARN_OBJC_LITERAL_CONVERSION = YES;
				CLANG_WARN_OBJC_ROOT_CLASS = YES_ERROR;
				CLANG_WARN_QUOTED_INCLUDE_IN_FRAMEWORK_HEADER = YES;
				CLANG_WARN_RANGE_LOOP_ANALYSIS = YES;
				CLANG_WARN_STRICT_PROTOTYPES = YES;
				CLANG_WARN_SUSPICIOUS_MOVE = YES;
				CLANG_WARN_UNGUARDED_AVAILABILITY = YES_AGGRESSIVE;
				CLANG_WARN_UNREACHABLE_CODE = YES;
				CLANG_WARN__DUPLICATE_METHOD_MATCH = YES;
				COPY_PHASE_STRIP = NO;
				DEBUG_INFORMATION_FORMAT = dwarf;
				ENABLE_STRICT_OBJC_MSGSEND = YES;
				ENABLE_TESTABILITY = YES;
				GCC_C_LANGUAGE_STANDARD = gnu11;
				GCC_DYNAMIC_NO_PIC = NO;
				GCC_NO_COMMON_BLOCKS = YES;
				GCC_OPTIMIZATION_LEVEL = 0;
				GCC_PREPROCESSOR_DEFINITIONS = (
					"DEBUG=1",
					"$(inherited)",
				);
				GCC_WARN_64_TO_32_BIT_CONVERSION = YES;
				GCC_WARN_ABOUT_RETURN_TYPE = YES_ERROR;
				GCC_WARN_UNDECLARED_SELECTOR = YES;
				GCC_WARN_UNINITIALIZED_AUTOS = YES_AGGRESSIVE;
				GCC_WARN_UNUSED_FUNCTION = YES;
				GCC_WARN_UNUSED_VARIABLE = YES;
				IPHONEOS_DEPLOYMENT_TARGET = 16.1;
				MTL_ENABLE_DEBUG_INFO = INCLUDE_SOURCE;
				MTL_FAST_MATH = YES;
				ONLY_ACTIVE_ARCH = YES;
				SDKROOT = iphoneos;
				SWIFT_ACTIVE_COMPILATION_CONDITIONS = DEBUG;
				SWIFT_OPTIMIZATION_LEVEL = "-Onone";
			};
			name = Debug;
		};
		60D33F1F29336DF9007791C6 /* Release */ = {
			isa = XCBuildConfiguration;
			buildSettings = {
				ALWAYS_SEARCH_USER_PATHS = NO;
				CLANG_ANALYZER_NONNULL = YES;
				CLANG_ANALYZER_NUMBER_OBJECT_CONVERSION = YES_AGGRESSIVE;
				CLANG_CXX_LANGUAGE_STANDARD = "gnu++20";
				CLANG_ENABLE_MODULES = YES;
				CLANG_ENABLE_OBJC_ARC = YES;
				CLANG_ENABLE_OBJC_WEAK = YES;
				CLANG_WARN_BLOCK_CAPTURE_AUTORELEASING = YES;
				CLANG_WARN_BOOL_CONVERSION = YES;
				CLANG_WARN_COMMA = YES;
				CLANG_WARN_CONSTANT_CONVERSION = YES;
				CLANG_WARN_DEPRECATED_OBJC_IMPLEMENTATIONS = YES;
				CLANG_WARN_DIRECT_OBJC_ISA_USAGE = YES_ERROR;
				CLANG_WARN_DOCUMENTATION_COMMENTS = YES;
				CLANG_WARN_EMPTY_BODY = YES;
				CLANG_WARN_ENUM_CONVERSION = YES;
				CLANG_WARN_INFINITE_RECURSION = YES;
				CLANG_WARN_INT_CONVERSION = YES;
				CLANG_WARN_NON_LITERAL_NULL_CONVERSION = YES;
				CLANG_WARN_OBJC_IMPLICIT_RETAIN_SELF = YES;
				CLANG_WARN_OBJC_LITERAL_CONVERSION = YES;
				CLANG_WARN_OBJC_ROOT_CLASS = YES_ERROR;
				CLANG_WARN_QUOTED_INCLUDE_IN_FRAMEWORK_HEADER = YES;
				CLANG_WARN_RANGE_LOOP_ANALYSIS = YES;
				CLANG_WARN_STRICT_PROTOTYPES = YES;
				CLANG_WARN_SUSPICIOUS_MOVE = YES;
				CLANG_WARN_UNGUARDED_AVAILABILITY = YES_AGGRESSIVE;
				CLANG_WARN_UNREACHABLE_CODE = YES;
				CLANG_WARN__DUPLICATE_METHOD_MATCH = YES;
				COPY_PHASE_STRIP = NO;
				DEBUG_INFORMATION_FORMAT = "dwarf-with-dsym";
				ENABLE_NS_ASSERTIONS = NO;
				ENABLE_STRICT_OBJC_MSGSEND = YES;
				GCC_C_LANGUAGE_STANDARD = gnu11;
				GCC_NO_COMMON_BLOCKS = YES;
				GCC_WARN_64_TO_32_BIT_CONVERSION = YES;
				GCC_WARN_ABOUT_RETURN_TYPE = YES_ERROR;
				GCC_WARN_UNDECLARED_SELECTOR = YES;
				GCC_WARN_UNINITIALIZED_AUTOS = YES_AGGRESSIVE;
				GCC_WARN_UNUSED_FUNCTION = YES;
				GCC_WARN_UNUSED_VARIABLE = YES;
				IPHONEOS_DEPLOYMENT_TARGET = 16.1;
				MTL_ENABLE_DEBUG_INFO = NO;
				MTL_FAST_MATH = YES;
				SDKROOT = iphoneos;
				SWIFT_COMPILATION_MODE = wholemodule;
				SWIFT_OPTIMIZATION_LEVEL = "-O";
				VALIDATE_PRODUCT = YES;
			};
			name = Release;
		};
		60D33F2129336DF9007791C6 /* Debug */ = {
			isa = XCBuildConfiguration;
			buildSettings = {
				ASSETCATALOG_COMPILER_APPICON_NAME = AppIcon;
				ASSETCATALOG_COMPILER_GLOBAL_ACCENT_COLOR_NAME = AccentColor;
				CODE_SIGN_STYLE = Automatic;
				CURRENT_PROJECT_VERSION = 1;
				DEVELOPMENT_ASSET_PATHS = "\"PokemonApp/Preview Content\"";
				DEVELOPMENT_TEAM = TFV5399V38;
				ENABLE_PREVIEWS = YES;
				GENERATE_INFOPLIST_FILE = YES;
				INFOPLIST_KEY_UIApplicationSceneManifest_Generation = YES;
				INFOPLIST_KEY_UIApplicationSupportsIndirectInputEvents = YES;
				INFOPLIST_KEY_UILaunchScreen_Generation = YES;
				INFOPLIST_KEY_UISupportedInterfaceOrientations_iPad = "UIInterfaceOrientationPortrait UIInterfaceOrientationPortraitUpsideDown UIInterfaceOrientationLandscapeLeft UIInterfaceOrientationLandscapeRight";
				INFOPLIST_KEY_UISupportedInterfaceOrientations_iPhone = "UIInterfaceOrientationPortrait UIInterfaceOrientationLandscapeLeft UIInterfaceOrientationLandscapeRight";
				LD_RUNPATH_SEARCH_PATHS = (
					"$(inherited)",
					"@executable_path/Frameworks",
				);
				MARKETING_VERSION = 1.0;
				PRODUCT_BUNDLE_IDENTIFIER = "simgeeatlihan-gmail.com.PokemonApp";
				PRODUCT_NAME = "$(TARGET_NAME)";
				SWIFT_EMIT_LOC_STRINGS = YES;
				SWIFT_VERSION = 5.0;
				TARGETED_DEVICE_FAMILY = "1,2";
			};
			name = Debug;
		};
		60D33F2229336DF9007791C6 /* Release */ = {
			isa = XCBuildConfiguration;
			buildSettings = {
				ASSETCATALOG_COMPILER_APPICON_NAME = AppIcon;
				ASSETCATALOG_COMPILER_GLOBAL_ACCENT_COLOR_NAME = AccentColor;
				CODE_SIGN_STYLE = Automatic;
				CURRENT_PROJECT_VERSION = 1;
				DEVELOPMENT_ASSET_PATHS = "\"PokemonApp/Preview Content\"";
				DEVELOPMENT_TEAM = TFV5399V38;
				ENABLE_PREVIEWS = YES;
				GENERATE_INFOPLIST_FILE = YES;
				INFOPLIST_KEY_UIApplicationSceneManifest_Generation = YES;
				INFOPLIST_KEY_UIApplicationSupportsIndirectInputEvents = YES;
				INFOPLIST_KEY_UILaunchScreen_Generation = YES;
				INFOPLIST_KEY_UISupportedInterfaceOrientations_iPad = "UIInterfaceOrientationPortrait UIInterfaceOrientationPortraitUpsideDown UIInterfaceOrientationLandscapeLeft UIInterfaceOrientationLandscapeRight";
				INFOPLIST_KEY_UISupportedInterfaceOrientations_iPhone = "UIInterfaceOrientationPortrait UIInterfaceOrientationLandscapeLeft UIInterfaceOrientationLandscapeRight";
				LD_RUNPATH_SEARCH_PATHS = (
					"$(inherited)",
					"@executable_path/Frameworks",
				);
				MARKETING_VERSION = 1.0;
				PRODUCT_BUNDLE_IDENTIFIER = "simgeeatlihan-gmail.com.PokemonApp";
				PRODUCT_NAME = "$(TARGET_NAME)";
				SWIFT_EMIT_LOC_STRINGS = YES;
				SWIFT_VERSION = 5.0;
				TARGETED_DEVICE_FAMILY = "1,2";
			};
			name = Release;
		};
/* End XCBuildConfiguration section */

/* Begin XCConfigurationList section */
		60D33F0D29336DF8007791C6 /* Build configuration list for PBXProject "PokemonApp" */ = {
			isa = XCConfigurationList;
			buildConfigurations = (
				60D33F1E29336DF9007791C6 /* Debug */,
				60D33F1F29336DF9007791C6 /* Release */,
			);
			defaultConfigurationIsVisible = 0;
			defaultConfigurationName = Release;
		};
		60D33F2029336DF9007791C6 /* Build configuration list for PBXNativeTarget "PokemonApp" */ = {
			isa = XCConfigurationList;
			buildConfigurations = (
				60D33F2129336DF9007791C6 /* Debug */,
				60D33F2229336DF9007791C6 /* Release */,
			);
			defaultConfigurationIsVisible = 0;
			defaultConfigurationName = Release;
		};
/* End XCConfigurationList section */

/* Begin XCRemoteSwiftPackageReference section */
		601BD4F229338727009121D3 /* XCRemoteSwiftPackageReference "Kingfisher" */ = {
			isa = XCRemoteSwiftPackageReference;
			repositoryURL = "https://github.com/onevcat/Kingfisher.git";
			requirement = {
				branch = master;
				kind = branch;
			};
		};
		608E80852933C381009EBA10 /* XCRemoteSwiftPackageReference "lottie-ios" */ = {
			isa = XCRemoteSwiftPackageReference;
			repositoryURL = "https://github.com/airbnb/lottie-ios";
			requirement = {
				kind = versionRange;
				maximumVersion = 4.0.0;
				minimumVersion = 3.0.0;
			};
		};
/* End XCRemoteSwiftPackageReference section */

/* Begin XCSwiftPackageProductDependency section */
		601BD4F329338727009121D3 /* Kingfisher */ = {
			isa = XCSwiftPackageProductDependency;
			package = 601BD4F229338727009121D3 /* XCRemoteSwiftPackageReference "Kingfisher" */;
			productName = Kingfisher;
		};
		608E80862933C381009EBA10 /* Lottie */ = {
			isa = XCSwiftPackageProductDependency;
			package = 608E80852933C381009EBA10 /* XCRemoteSwiftPackageReference "lottie-ios" */;
			productName = Lottie;
		};
/* End XCSwiftPackageProductDependency section */
	};
	rootObject = 60D33F0A29336DF8007791C6 /* Project object */;
}
